github.com/wille/osutil v0.0.0-20201124133013-e7a03eb09286 h1:JEvHVuP9qrQ+Sq9cnmc35oDTm2PC/87K602ylms3H2g=
github.com/wille/osutil v0.0.0-20201124133013-e7a03eb09286/go.mod h1:8mynkFldwsrffW4/Bp59D5bzt37KQcBzlnBysF6kyjc=
github.com/zcalusic/sysinfo v0.0.0-20210905121133-6fa2f969a900 h1:4klaqgLMtyCrRio4MV/xE8gcrMOYnvXtmbWPOLjxVBA=
github.com/zcalusic/sysinfo v0.0.0-20210905121133-6fa2f969a900/go.mod h1:Z/gPVufBrFc8X5sef3m6kkw3r3nlNFp+I6bvASfvBZQ=
